// !$*UTF8*$!
{
	archiveVersion = 1;
	classes = {
	};
	objectVersion = 55;
	objects = {

/* Begin PBXBuildFile section */
		E3D6A6B627C17E0A00AA5377 /* AnyUseApp.swift in Sources */ = {isa = PBXBuildFile; fileRef = E3D6A6B527C17E0A00AA5377 /* AnyUseApp.swift */; };
		E3D6A6B827C17E0A00AA5377 /* ContentView.swift in Sources */ = {isa = PBXBuildFile; fileRef = E3D6A6B727C17E0A00AA5377 /* ContentView.swift */; };
		E3D6A6BA27C17E0D00AA5377 /* Assets.xcassets in Resources */ = {isa = PBXBuildFile; fileRef = E3D6A6B927C17E0D00AA5377 /* Assets.xcassets */; };
		E3D6A6BD27C17E0D00AA5377 /* Preview Assets.xcassets in Resources */ = {isa = PBXBuildFile; fileRef = E3D6A6BC27C17E0D00AA5377 /* Preview Assets.xcassets */; };
		E3D6A6BF27C17E0D00AA5377 /* Persistence.swift in Sources */ = {isa = PBXBuildFile; fileRef = E3D6A6BE27C17E0D00AA5377 /* Persistence.swift */; };
		E3D6A6C227C17E0D00AA5377 /* AnyUse.xcdatamodeld in Sources */ = {isa = PBXBuildFile; fileRef = E3D6A6C027C17E0D00AA5377 /* AnyUse.xcdatamodeld */; };
		E3D6A6CC27C17E0D00AA5377 /* AnyUseTests.swift in Sources */ = {isa = PBXBuildFile; fileRef = E3D6A6CB27C17E0D00AA5377 /* AnyUseTests.swift */; };
		E3D6A6D627C17E0D00AA5377 /* AnyUseUITests.swift in Sources */ = {isa = PBXBuildFile; fileRef = E3D6A6D527C17E0D00AA5377 /* AnyUseUITests.swift */; };
		E3D6A6D827C17E0D00AA5377 /* AnyUseUITestsLaunchTests.swift in Sources */ = {isa = PBXBuildFile; fileRef = E3D6A6D727C17E0D00AA5377 /* AnyUseUITestsLaunchTests.swift */; };
		E3D6A6E627C1804600AA5377 /* FlagListView.swift in Sources */ = {isa = PBXBuildFile; fileRef = E3D6A6E527C1804600AA5377 /* FlagListView.swift */; };
		E3D6A6E827C1812800AA5377 /* Flag.swift in Sources */ = {isa = PBXBuildFile; fileRef = E3D6A6E727C1812800AA5377 /* Flag.swift */; };
		E3D6A6EA27C1822600AA5377 /* FlagListViewModel.swift in Sources */ = {isa = PBXBuildFile; fileRef = E3D6A6E927C1822600AA5377 /* FlagListViewModel.swift */; };
		E3D6A6EE27C18A3B00AA5377 /* HttpClient.swift in Sources */ = {isa = PBXBuildFile; fileRef = E3D6A6ED27C18A3B00AA5377 /* HttpClient.swift */; };
		E3D6A6F027C18B7300AA5377 /* HttpError.swift in Sources */ = {isa = PBXBuildFile; fileRef = E3D6A6EF27C18B7300AA5377 /* HttpError.swift */; };
		E3D6A6F227C18E1100AA5377 /* FlagService.swift in Sources */ = {isa = PBXBuildFile; fileRef = E3D6A6F127C18E1100AA5377 /* FlagService.swift */; };
		E3D6A6F527C18E7000AA5377 /* Constants.swift in Sources */ = {isa = PBXBuildFile; fileRef = E3D6A6F427C18E7000AA5377 /* Constants.swift */; };
		E3D6A6F727C1A36C00AA5377 /* FlagListRouteType.swift in Sources */ = {isa = PBXBuildFile; fileRef = E3D6A6F627C1A36C00AA5377 /* FlagListRouteType.swift */; };
		E3D6A70027C1A60900AA5377 /* AddUpdateFlagView.swift in Sources */ = {isa = PBXBuildFile; fileRef = E3D6A6FF27C1A60900AA5377 /* AddUpdateFlagView.swift */; };
		E3D6A70227C1A63E00AA5377 /* AddUpdateFlagViewModel.swift in Sources */ = {isa = PBXBuildFile; fileRef = E3D6A70127C1A63E00AA5377 /* AddUpdateFlagViewModel.swift */; };
		E3D6A70427C1AAD000AA5377 /* HttpMethods.swift in Sources */ = {isa = PBXBuildFile; fileRef = E3D6A70327C1AAD000AA5377 /* HttpMethods.swift */; };
		E3D6A70627C1AB3000AA5377 /* MimeType.swift in Sources */ = {isa = PBXBuildFile; fileRef = E3D6A70527C1AB3000AA5377 /* MimeType.swift */; };
		E3D6A70827C1AB7600AA5377 /* HttpHeaders.swift in Sources */ = {isa = PBXBuildFile; fileRef = E3D6A70727C1AB7600AA5377 /* HttpHeaders.swift */; };
		E3D6A70A27C2CC5D00AA5377 /* FlagListRouter.swift in Sources */ = {isa = PBXBuildFile; fileRef = E3D6A70927C2CC5D00AA5377 /* FlagListRouter.swift */; };
		E3D6A70C27C2CCFD00AA5377 /* FlagListAssembly.swift in Sources */ = {isa = PBXBuildFile; fileRef = E3D6A70B27C2CCFD00AA5377 /* FlagListAssembly.swift */; };
		E3D6A70E27C2CD0F00AA5377 /* AddUpdateFlagAssembly.swift in Sources */ = {isa = PBXBuildFile; fileRef = E3D6A70D27C2CD0F00AA5377 /* AddUpdateFlagAssembly.swift */; };
		E3D6A71027C2D16300AA5377 /* Assemblies.swift in Sources */ = {isa = PBXBuildFile; fileRef = E3D6A70F27C2D16300AA5377 /* Assemblies.swift */; };
		E3D6A71227C2D20E00AA5377 /* AppDelegate.swift in Sources */ = {isa = PBXBuildFile; fileRef = E3D6A71127C2D20E00AA5377 /* AppDelegate.swift */; };
		E3D6A71627C43F0700AA5377 /* TouchAreaExtending.swift in Sources */ = {isa = PBXBuildFile; fileRef = E3D6A71527C43F0700AA5377 /* TouchAreaExtending.swift */; };
		E3D6A71827C43FB300AA5377 /* UICollectionView+dequeue.swift in Sources */ = {isa = PBXBuildFile; fileRef = E3D6A71727C43FB300AA5377 /* UICollectionView+dequeue.swift */; };
		E3D6A71A27C43FD600AA5377 /* UITableView+dequeue.swift in Sources */ = {isa = PBXBuildFile; fileRef = E3D6A71927C43FD600AA5377 /* UITableView+dequeue.swift */; };
		E3D6A71C27C4400F00AA5377 /* UIView+IBInspectable.swift in Sources */ = {isa = PBXBuildFile; fileRef = E3D6A71B27C4400F00AA5377 /* UIView+IBInspectable.swift */; };
		E3D6A71E27C440B800AA5377 /* UIViewController+Keyboard.swift in Sources */ = {isa = PBXBuildFile; fileRef = E3D6A71D27C440B800AA5377 /* UIViewController+Keyboard.swift */; };
		E3D6A72027C440EA00AA5377 /* Bundle+AllXibFilesNames.swift in Sources */ = {isa = PBXBuildFile; fileRef = E3D6A71F27C440EA00AA5377 /* Bundle+AllXibFilesNames.swift */; };
		E3D6A72227C4410C00AA5377 /* UINib+InitByType.swift in Sources */ = {isa = PBXBuildFile; fileRef = E3D6A72127C4410C00AA5377 /* UINib+InitByType.swift */; };
		E3D6A72427C4417100AA5377 /* UIView+Layout.swift in Sources */ = {isa = PBXBuildFile; fileRef = E3D6A72327C4417100AA5377 /* UIView+Layout.swift */; };
		E3D6A74427C4E5F000AA5377 /* Modifiable.swift in Sources */ = {isa = PBXBuildFile; fileRef = E3D6A72627C4E5F000AA5377 /* Modifiable.swift */; };
		E3D6A74527C4E5F000AA5377 /* UIRelation.swift in Sources */ = {isa = PBXBuildFile; fileRef = E3D6A72727C4E5F000AA5377 /* UIRelation.swift */; };
		E3D6A74627C4E5F000AA5377 /* RNCenterInSuperview.swift in Sources */ = {isa = PBXBuildFile; fileRef = E3D6A72A27C4E5F000AA5377 /* RNCenterInSuperview.swift */; };
		E3D6A74727C4E5F000AA5377 /* RNTopToSuperview.swift in Sources */ = {isa = PBXBuildFile; fileRef = E3D6A72B27C4E5F000AA5377 /* RNTopToSuperview.swift */; };
		E3D6A74827C4E5F000AA5377 /* RNEdgesToSuperview.swift in Sources */ = {isa = PBXBuildFile; fileRef = E3D6A72C27C4E5F000AA5377 /* RNEdgesToSuperview.swift */; };
		E3D6A74927C4E5F000AA5377 /* RNBottomToSuperview.swift in Sources */ = {isa = PBXBuildFile; fileRef = E3D6A72D27C4E5F000AA5377 /* RNBottomToSuperview.swift */; };
		E3D6A74A27C4E5F000AA5377 /* RNHorizontalToSuperview.swift in Sources */ = {isa = PBXBuildFile; fileRef = E3D6A72E27C4E5F000AA5377 /* RNHorizontalToSuperview.swift */; };
		E3D6A74B27C4E5F000AA5377 /* RNTopAndBottomToSuperview.swift in Sources */ = {isa = PBXBuildFile; fileRef = E3D6A72F27C4E5F000AA5377 /* RNTopAndBottomToSuperview.swift */; };
		E3D6A74C27C4E5F000AA5377 /* RNRightToSuperview.swift in Sources */ = {isa = PBXBuildFile; fileRef = E3D6A73027C4E5F000AA5377 /* RNRightToSuperview.swift */; };
		E3D6A74D27C4E5F000AA5377 /* RNCenter.swift in Sources */ = {isa = PBXBuildFile; fileRef = E3D6A73127C4E5F000AA5377 /* RNCenter.swift */; };
		E3D6A74E27C4E5F000AA5377 /* RNLeftToSuperview.swift in Sources */ = {isa = PBXBuildFile; fileRef = E3D6A73227C4E5F000AA5377 /* RNLeftToSuperview.swift */; };
		E3D6A74F27C4E5F000AA5377 /* RNSidesToSubperview.swift in Sources */ = {isa = PBXBuildFile; fileRef = E3D6A73327C4E5F000AA5377 /* RNSidesToSubperview.swift */; };
		E3D6A75027C4E5F000AA5377 /* HuggingPriority.swift in Sources */ = {isa = PBXBuildFile; fileRef = E3D6A73527C4E5F000AA5377 /* HuggingPriority.swift */; };
		E3D6A75127C4E5F000AA5377 /* CompressionPriority.swift in Sources */ = {isa = PBXBuildFile; fileRef = E3D6A73627C4E5F000AA5377 /* CompressionPriority.swift */; };
		E3D6A75227C4E5F000AA5377 /* CornerRadius.swift in Sources */ = {isa = PBXBuildFile; fileRef = E3D6A73727C4E5F000AA5377 /* CornerRadius.swift */; };
		E3D6A75327C4E5F000AA5377 /* RNTopToView.swift in Sources */ = {isa = PBXBuildFile; fileRef = E3D6A73927C4E5F000AA5377 /* RNTopToView.swift */; };
		E3D6A75427C4E5F000AA5377 /* RNLeftToView.swift in Sources */ = {isa = PBXBuildFile; fileRef = E3D6A73A27C4E5F000AA5377 /* RNLeftToView.swift */; };
		E3D6A75527C4E5F000AA5377 /* RNRightToView.swift in Sources */ = {isa = PBXBuildFile; fileRef = E3D6A73B27C4E5F000AA5377 /* RNRightToView.swift */; };
		E3D6A75627C4E5F000AA5377 /* RNCenterToView.swift in Sources */ = {isa = PBXBuildFile; fileRef = E3D6A73C27C4E5F000AA5377 /* RNCenterToView.swift */; };
		E3D6A75727C4E5F000AA5377 /* RNBottomToView.swift in Sources */ = {isa = PBXBuildFile; fileRef = E3D6A73D27C4E5F000AA5377 /* RNBottomToView.swift */; };
		E3D6A75827C4E5F000AA5377 /* RNEqualSides.swift in Sources */ = {isa = PBXBuildFile; fileRef = E3D6A73F27C4E5F000AA5377 /* RNEqualSides.swift */; };
		E3D6A75927C4E5F000AA5377 /* RNWidth.swift in Sources */ = {isa = PBXBuildFile; fileRef = E3D6A74027C4E5F000AA5377 /* RNWidth.swift */; };
		E3D6A75A27C4E5F000AA5377 /* RNProportion.swift in Sources */ = {isa = PBXBuildFile; fileRef = E3D6A74127C4E5F000AA5377 /* RNProportion.swift */; };
		E3D6A75B27C4E5F000AA5377 /* RNHeight.swift in Sources */ = {isa = PBXBuildFile; fileRef = E3D6A74227C4E5F000AA5377 /* RNHeight.swift */; };
		E3D6A75C27C4E5F000AA5377 /* UIView+Extensions.swift in Sources */ = {isa = PBXBuildFile; fileRef = E3D6A74327C4E5F000AA5377 /* UIView+Extensions.swift */; };
		E3D6A76427C4E63300AA5377 /* Animator.swift in Sources */ = {isa = PBXBuildFile; fileRef = E3D6A75E27C4E63300AA5377 /* Animator.swift */; };
		E3D6A76527C4E63300AA5377 /* BannerView.swift in Sources */ = {isa = PBXBuildFile; fileRef = E3D6A75F27C4E63300AA5377 /* BannerView.swift */; };
		E3D6A76627C4E63300AA5377 /* AlertManager.swift in Sources */ = {isa = PBXBuildFile; fileRef = E3D6A76027C4E63300AA5377 /* AlertManager.swift */; };
		E3D6A76727C4E63300AA5377 /* AlertModel.swift in Sources */ = {isa = PBXBuildFile; fileRef = E3D6A76127C4E63300AA5377 /* AlertModel.swift */; };
		E3D6A76827C4E63300AA5377 /* AlertContainerUpdatable.swift in Sources */ = {isa = PBXBuildFile; fileRef = E3D6A76227C4E63300AA5377 /* AlertContainerUpdatable.swift */; };
		E3D6A76C27C4F9D300AA5377 /* Core.swift in Sources */ = {isa = PBXBuildFile; fileRef = E3D6A76B27C4F9D300AA5377 /* Core.swift */; };
		E3D6A76E27C4F9DD00AA5377 /* Helpers.swift in Sources */ = {isa = PBXBuildFile; fileRef = E3D6A76D27C4F9DD00AA5377 /* Helpers.swift */; };
		E3D6A77027C4FA8B00AA5377 /* UIGestureRecognizer+.swift in Sources */ = {isa = PBXBuildFile; fileRef = E3D6A76F27C4FA8A00AA5377 /* UIGestureRecognizer+.swift */; };
		E3D6A77227C4FAD000AA5377 /* UIView+BoundingRect.swift in Sources */ = {isa = PBXBuildFile; fileRef = E3D6A77127C4FAD000AA5377 /* UIView+BoundingRect.swift */; };
		E3D6A77427C4FAFE00AA5377 /* UIView+Descedant.swift in Sources */ = {isa = PBXBuildFile; fileRef = E3D6A77327C4FAFE00AA5377 /* UIView+Descedant.swift */; };
/* End PBXBuildFile section */

/* Begin PBXContainerItemProxy section */
		E3D6A6C827C17E0D00AA5377 /* PBXContainerItemProxy */ = {
			isa = PBXContainerItemProxy;
			containerPortal = E3D6A6AA27C17E0A00AA5377 /* Project object */;
			proxyType = 1;
			remoteGlobalIDString = E3D6A6B127C17E0A00AA5377;
			remoteInfo = AnyUse;
		};
		E3D6A6D227C17E0D00AA5377 /* PBXContainerItemProxy */ = {
			isa = PBXContainerItemProxy;
			containerPortal = E3D6A6AA27C17E0A00AA5377 /* Project object */;
			proxyType = 1;
			remoteGlobalIDString = E3D6A6B127C17E0A00AA5377;
			remoteInfo = AnyUse;
		};
/* End PBXContainerItemProxy section */

/* Begin PBXFileReference section */
		E3D6A6B227C17E0A00AA5377 /* AnyUse.app */ = {isa = PBXFileReference; explicitFileType = wrapper.application; includeInIndex = 0; path = AnyUse.app; sourceTree = BUILT_PRODUCTS_DIR; };
		E3D6A6B527C17E0A00AA5377 /* AnyUseApp.swift */ = {isa = PBXFileReference; lastKnownFileType = sourcecode.swift; path = AnyUseApp.swift; sourceTree = "<group>"; };
		E3D6A6B727C17E0A00AA5377 /* ContentView.swift */ = {isa = PBXFileReference; lastKnownFileType = sourcecode.swift; path = ContentView.swift; sourceTree = "<group>"; };
		E3D6A6B927C17E0D00AA5377 /* Assets.xcassets */ = {isa = PBXFileReference; lastKnownFileType = folder.assetcatalog; path = Assets.xcassets; sourceTree = "<group>"; };
		E3D6A6BC27C17E0D00AA5377 /* Preview Assets.xcassets */ = {isa = PBXFileReference; lastKnownFileType = folder.assetcatalog; path = "Preview Assets.xcassets"; sourceTree = "<group>"; };
		E3D6A6BE27C17E0D00AA5377 /* Persistence.swift */ = {isa = PBXFileReference; lastKnownFileType = sourcecode.swift; path = Persistence.swift; sourceTree = "<group>"; };
		E3D6A6C127C17E0D00AA5377 /* AnyUse.xcdatamodel */ = {isa = PBXFileReference; lastKnownFileType = wrapper.xcdatamodel; path = AnyUse.xcdatamodel; sourceTree = "<group>"; };
		E3D6A6C727C17E0D00AA5377 /* AnyUseTests.xctest */ = {isa = PBXFileReference; explicitFileType = wrapper.cfbundle; includeInIndex = 0; path = AnyUseTests.xctest; sourceTree = BUILT_PRODUCTS_DIR; };
		E3D6A6CB27C17E0D00AA5377 /* AnyUseTests.swift */ = {isa = PBXFileReference; lastKnownFileType = sourcecode.swift; path = AnyUseTests.swift; sourceTree = "<group>"; };
		E3D6A6D127C17E0D00AA5377 /* AnyUseUITests.xctest */ = {isa = PBXFileReference; explicitFileType = wrapper.cfbundle; includeInIndex = 0; path = AnyUseUITests.xctest; sourceTree = BUILT_PRODUCTS_DIR; };
		E3D6A6D527C17E0D00AA5377 /* AnyUseUITests.swift */ = {isa = PBXFileReference; lastKnownFileType = sourcecode.swift; path = AnyUseUITests.swift; sourceTree = "<group>"; };
		E3D6A6D727C17E0D00AA5377 /* AnyUseUITestsLaunchTests.swift */ = {isa = PBXFileReference; lastKnownFileType = sourcecode.swift; path = AnyUseUITestsLaunchTests.swift; sourceTree = "<group>"; };
		E3D6A6E527C1804600AA5377 /* FlagListView.swift */ = {isa = PBXFileReference; lastKnownFileType = sourcecode.swift; path = FlagListView.swift; sourceTree = "<group>"; };
		E3D6A6E727C1812800AA5377 /* Flag.swift */ = {isa = PBXFileReference; lastKnownFileType = sourcecode.swift; path = Flag.swift; sourceTree = "<group>"; };
		E3D6A6E927C1822600AA5377 /* FlagListViewModel.swift */ = {isa = PBXFileReference; lastKnownFileType = sourcecode.swift; path = FlagListViewModel.swift; sourceTree = "<group>"; };
		E3D6A6ED27C18A3B00AA5377 /* HttpClient.swift */ = {isa = PBXFileReference; lastKnownFileType = sourcecode.swift; path = HttpClient.swift; sourceTree = "<group>"; };
		E3D6A6EF27C18B7300AA5377 /* HttpError.swift */ = {isa = PBXFileReference; lastKnownFileType = sourcecode.swift; path = HttpError.swift; sourceTree = "<group>"; };
		E3D6A6F127C18E1100AA5377 /* FlagService.swift */ = {isa = PBXFileReference; lastKnownFileType = sourcecode.swift; path = FlagService.swift; sourceTree = "<group>"; };
		E3D6A6F427C18E7000AA5377 /* Constants.swift */ = {isa = PBXFileReference; lastKnownFileType = sourcecode.swift; path = Constants.swift; sourceTree = "<group>"; };
		E3D6A6F627C1A36C00AA5377 /* FlagListRouteType.swift */ = {isa = PBXFileReference; lastKnownFileType = sourcecode.swift; path = FlagListRouteType.swift; sourceTree = "<group>"; };
		E3D6A6FF27C1A60900AA5377 /* AddUpdateFlagView.swift */ = {isa = PBXFileReference; lastKnownFileType = sourcecode.swift; path = AddUpdateFlagView.swift; sourceTree = "<group>"; };
		E3D6A70127C1A63E00AA5377 /* AddUpdateFlagViewModel.swift */ = {isa = PBXFileReference; lastKnownFileType = sourcecode.swift; path = AddUpdateFlagViewModel.swift; sourceTree = "<group>"; };
		E3D6A70327C1AAD000AA5377 /* HttpMethods.swift */ = {isa = PBXFileReference; lastKnownFileType = sourcecode.swift; path = HttpMethods.swift; sourceTree = "<group>"; };
		E3D6A70527C1AB3000AA5377 /* MimeType.swift */ = {isa = PBXFileReference; lastKnownFileType = sourcecode.swift; path = MimeType.swift; sourceTree = "<group>"; };
		E3D6A70727C1AB7600AA5377 /* HttpHeaders.swift */ = {isa = PBXFileReference; lastKnownFileType = sourcecode.swift; path = HttpHeaders.swift; sourceTree = "<group>"; };
		E3D6A70927C2CC5D00AA5377 /* FlagListRouter.swift */ = {isa = PBXFileReference; lastKnownFileType = sourcecode.swift; path = FlagListRouter.swift; sourceTree = "<group>"; };
		E3D6A70B27C2CCFD00AA5377 /* FlagListAssembly.swift */ = {isa = PBXFileReference; lastKnownFileType = sourcecode.swift; path = FlagListAssembly.swift; sourceTree = "<group>"; };
		E3D6A70D27C2CD0F00AA5377 /* AddUpdateFlagAssembly.swift */ = {isa = PBXFileReference; lastKnownFileType = sourcecode.swift; path = AddUpdateFlagAssembly.swift; sourceTree = "<group>"; };
		E3D6A70F27C2D16300AA5377 /* Assemblies.swift */ = {isa = PBXFileReference; lastKnownFileType = sourcecode.swift; path = Assemblies.swift; sourceTree = "<group>"; };
		E3D6A71127C2D20E00AA5377 /* AppDelegate.swift */ = {isa = PBXFileReference; lastKnownFileType = sourcecode.swift; path = AppDelegate.swift; sourceTree = "<group>"; };
		E3D6A71527C43F0700AA5377 /* TouchAreaExtending.swift */ = {isa = PBXFileReference; lastKnownFileType = sourcecode.swift; path = TouchAreaExtending.swift; sourceTree = "<group>"; };
		E3D6A71727C43FB300AA5377 /* UICollectionView+dequeue.swift */ = {isa = PBXFileReference; lastKnownFileType = sourcecode.swift; path = "UICollectionView+dequeue.swift"; sourceTree = "<group>"; };
		E3D6A71927C43FD600AA5377 /* UITableView+dequeue.swift */ = {isa = PBXFileReference; lastKnownFileType = sourcecode.swift; path = "UITableView+dequeue.swift"; sourceTree = "<group>"; };
		E3D6A71B27C4400F00AA5377 /* UIView+IBInspectable.swift */ = {isa = PBXFileReference; lastKnownFileType = sourcecode.swift; path = "UIView+IBInspectable.swift"; sourceTree = "<group>"; };
		E3D6A71D27C440B800AA5377 /* UIViewController+Keyboard.swift */ = {isa = PBXFileReference; lastKnownFileType = sourcecode.swift; path = "UIViewController+Keyboard.swift"; sourceTree = "<group>"; };
		E3D6A71F27C440EA00AA5377 /* Bundle+AllXibFilesNames.swift */ = {isa = PBXFileReference; lastKnownFileType = sourcecode.swift; path = "Bundle+AllXibFilesNames.swift"; sourceTree = "<group>"; };
		E3D6A72127C4410C00AA5377 /* UINib+InitByType.swift */ = {isa = PBXFileReference; lastKnownFileType = sourcecode.swift; path = "UINib+InitByType.swift"; sourceTree = "<group>"; };
		E3D6A72327C4417100AA5377 /* UIView+Layout.swift */ = {isa = PBXFileReference; lastKnownFileType = sourcecode.swift; path = "UIView+Layout.swift"; sourceTree = "<group>"; };
		E3D6A72627C4E5F000AA5377 /* Modifiable.swift */ = {isa = PBXFileReference; fileEncoding = 4; lastKnownFileType = sourcecode.swift; path = Modifiable.swift; sourceTree = "<group>"; };
		E3D6A72727C4E5F000AA5377 /* UIRelation.swift */ = {isa = PBXFileReference; fileEncoding = 4; lastKnownFileType = sourcecode.swift; path = UIRelation.swift; sourceTree = "<group>"; };
		E3D6A72A27C4E5F000AA5377 /* RNCenterInSuperview.swift */ = {isa = PBXFileReference; fileEncoding = 4; lastKnownFileType = sourcecode.swift; path = RNCenterInSuperview.swift; sourceTree = "<group>"; };
		E3D6A72B27C4E5F000AA5377 /* RNTopToSuperview.swift */ = {isa = PBXFileReference; fileEncoding = 4; lastKnownFileType = sourcecode.swift; path = RNTopToSuperview.swift; sourceTree = "<group>"; };
		E3D6A72C27C4E5F000AA5377 /* RNEdgesToSuperview.swift */ = {isa = PBXFileReference; fileEncoding = 4; lastKnownFileType = sourcecode.swift; path = RNEdgesToSuperview.swift; sourceTree = "<group>"; };
		E3D6A72D27C4E5F000AA5377 /* RNBottomToSuperview.swift */ = {isa = PBXFileReference; fileEncoding = 4; lastKnownFileType = sourcecode.swift; path = RNBottomToSuperview.swift; sourceTree = "<group>"; };
		E3D6A72E27C4E5F000AA5377 /* RNHorizontalToSuperview.swift */ = {isa = PBXFileReference; fileEncoding = 4; lastKnownFileType = sourcecode.swift; path = RNHorizontalToSuperview.swift; sourceTree = "<group>"; };
		E3D6A72F27C4E5F000AA5377 /* RNTopAndBottomToSuperview.swift */ = {isa = PBXFileReference; fileEncoding = 4; lastKnownFileType = sourcecode.swift; path = RNTopAndBottomToSuperview.swift; sourceTree = "<group>"; };
		E3D6A73027C4E5F000AA5377 /* RNRightToSuperview.swift */ = {isa = PBXFileReference; fileEncoding = 4; lastKnownFileType = sourcecode.swift; path = RNRightToSuperview.swift; sourceTree = "<group>"; };
		E3D6A73127C4E5F000AA5377 /* RNCenter.swift */ = {isa = PBXFileReference; fileEncoding = 4; lastKnownFileType = sourcecode.swift; path = RNCenter.swift; sourceTree = "<group>"; };
		E3D6A73227C4E5F000AA5377 /* RNLeftToSuperview.swift */ = {isa = PBXFileReference; fileEncoding = 4; lastKnownFileType = sourcecode.swift; path = RNLeftToSuperview.swift; sourceTree = "<group>"; };
		E3D6A73327C4E5F000AA5377 /* RNSidesToSubperview.swift */ = {isa = PBXFileReference; fileEncoding = 4; lastKnownFileType = sourcecode.swift; path = RNSidesToSubperview.swift; sourceTree = "<group>"; };
		E3D6A73527C4E5F000AA5377 /* HuggingPriority.swift */ = {isa = PBXFileReference; fileEncoding = 4; lastKnownFileType = sourcecode.swift; path = HuggingPriority.swift; sourceTree = "<group>"; };
		E3D6A73627C4E5F000AA5377 /* CompressionPriority.swift */ = {isa = PBXFileReference; fileEncoding = 4; lastKnownFileType = sourcecode.swift; path = CompressionPriority.swift; sourceTree = "<group>"; };
		E3D6A73727C4E5F000AA5377 /* CornerRadius.swift */ = {isa = PBXFileReference; fileEncoding = 4; lastKnownFileType = sourcecode.swift; path = CornerRadius.swift; sourceTree = "<group>"; };
		E3D6A73927C4E5F000AA5377 /* RNTopToView.swift */ = {isa = PBXFileReference; fileEncoding = 4; lastKnownFileType = sourcecode.swift; path = RNTopToView.swift; sourceTree = "<group>"; };
		E3D6A73A27C4E5F000AA5377 /* RNLeftToView.swift */ = {isa = PBXFileReference; fileEncoding = 4; lastKnownFileType = sourcecode.swift; path = RNLeftToView.swift; sourceTree = "<group>"; };
		E3D6A73B27C4E5F000AA5377 /* RNRightToView.swift */ = {isa = PBXFileReference; fileEncoding = 4; lastKnownFileType = sourcecode.swift; path = RNRightToView.swift; sourceTree = "<group>"; };
		E3D6A73C27C4E5F000AA5377 /* RNCenterToView.swift */ = {isa = PBXFileReference; fileEncoding = 4; lastKnownFileType = sourcecode.swift; path = RNCenterToView.swift; sourceTree = "<group>"; };
		E3D6A73D27C4E5F000AA5377 /* RNBottomToView.swift */ = {isa = PBXFileReference; fileEncoding = 4; lastKnownFileType = sourcecode.swift; path = RNBottomToView.swift; sourceTree = "<group>"; };
		E3D6A73F27C4E5F000AA5377 /* RNEqualSides.swift */ = {isa = PBXFileReference; fileEncoding = 4; lastKnownFileType = sourcecode.swift; path = RNEqualSides.swift; sourceTree = "<group>"; };
		E3D6A74027C4E5F000AA5377 /* RNWidth.swift */ = {isa = PBXFileReference; fileEncoding = 4; lastKnownFileType = sourcecode.swift; path = RNWidth.swift; sourceTree = "<group>"; };
		E3D6A74127C4E5F000AA5377 /* RNProportion.swift */ = {isa = PBXFileReference; fileEncoding = 4; lastKnownFileType = sourcecode.swift; path = RNProportion.swift; sourceTree = "<group>"; };
		E3D6A74227C4E5F000AA5377 /* RNHeight.swift */ = {isa = PBXFileReference; fileEncoding = 4; lastKnownFileType = sourcecode.swift; path = RNHeight.swift; sourceTree = "<group>"; };
		E3D6A74327C4E5F000AA5377 /* UIView+Extensions.swift */ = {isa = PBXFileReference; fileEncoding = 4; lastKnownFileType = sourcecode.swift; path = "UIView+Extensions.swift"; sourceTree = "<group>"; };
		E3D6A75E27C4E63300AA5377 /* Animator.swift */ = {isa = PBXFileReference; fileEncoding = 4; lastKnownFileType = sourcecode.swift; path = Animator.swift; sourceTree = "<group>"; };
		E3D6A75F27C4E63300AA5377 /* BannerView.swift */ = {isa = PBXFileReference; fileEncoding = 4; lastKnownFileType = sourcecode.swift; path = BannerView.swift; sourceTree = "<group>"; };
		E3D6A76027C4E63300AA5377 /* AlertManager.swift */ = {isa = PBXFileReference; fileEncoding = 4; lastKnownFileType = sourcecode.swift; path = AlertManager.swift; sourceTree = "<group>"; };
		E3D6A76127C4E63300AA5377 /* AlertModel.swift */ = {isa = PBXFileReference; fileEncoding = 4; lastKnownFileType = sourcecode.swift; path = AlertModel.swift; sourceTree = "<group>"; };
		E3D6A76227C4E63300AA5377 /* AlertContainerUpdatable.swift */ = {isa = PBXFileReference; fileEncoding = 4; lastKnownFileType = sourcecode.swift; path = AlertContainerUpdatable.swift; sourceTree = "<group>"; };
		E3D6A76B27C4F9D300AA5377 /* Core.swift */ = {isa = PBXFileReference; lastKnownFileType = sourcecode.swift; path = Core.swift; sourceTree = "<group>"; };
		E3D6A76D27C4F9DD00AA5377 /* Helpers.swift */ = {isa = PBXFileReference; lastKnownFileType = sourcecode.swift; path = Helpers.swift; sourceTree = "<group>"; };
		E3D6A76F27C4FA8A00AA5377 /* UIGestureRecognizer+.swift */ = {isa = PBXFileReference; lastKnownFileType = sourcecode.swift; path = "UIGestureRecognizer+.swift"; sourceTree = "<group>"; };
		E3D6A77127C4FAD000AA5377 /* UIView+BoundingRect.swift */ = {isa = PBXFileReference; lastKnownFileType = sourcecode.swift; path = "UIView+BoundingRect.swift"; sourceTree = "<group>"; };
		E3D6A77327C4FAFE00AA5377 /* UIView+Descedant.swift */ = {isa = PBXFileReference; lastKnownFileType = sourcecode.swift; path = "UIView+Descedant.swift"; sourceTree = "<group>"; };
/* End PBXFileReference section */

/* Begin PBXFrameworksBuildPhase section */
		E3D6A6AF27C17E0A00AA5377 /* Frameworks */ = {
			isa = PBXFrameworksBuildPhase;
			buildActionMask = 2147483647;
			files = (
			);
			runOnlyForDeploymentPostprocessing = 0;
		};
		E3D6A6C427C17E0D00AA5377 /* Frameworks */ = {
			isa = PBXFrameworksBuildPhase;
			buildActionMask = 2147483647;
			files = (
			);
			runOnlyForDeploymentPostprocessing = 0;
		};
		E3D6A6CE27C17E0D00AA5377 /* Frameworks */ = {
			isa = PBXFrameworksBuildPhase;
			buildActionMask = 2147483647;
			files = (
			);
			runOnlyForDeploymentPostprocessing = 0;
		};
/* End PBXFrameworksBuildPhase section */

/* Begin PBXGroup section */
		E3D6A6A927C17E0A00AA5377 = {
			isa = PBXGroup;
			children = (
				E3D6A6B427C17E0A00AA5377 /* AnyUse */,
				E3D6A6CA27C17E0D00AA5377 /* AnyUseTests */,
				E3D6A6D427C17E0D00AA5377 /* AnyUseUITests */,
				E3D6A6B327C17E0A00AA5377 /* Products */,
			);
			sourceTree = "<group>";
		};
		E3D6A6B327C17E0A00AA5377 /* Products */ = {
			isa = PBXGroup;
			children = (
				E3D6A6B227C17E0A00AA5377 /* AnyUse.app */,
				E3D6A6C727C17E0D00AA5377 /* AnyUseTests.xctest */,
				E3D6A6D127C17E0D00AA5377 /* AnyUseUITests.xctest */,
			);
			name = Products;
			sourceTree = "<group>";
		};
		E3D6A6B427C17E0A00AA5377 /* AnyUse */ = {
			isa = PBXGroup;
			children = (
				E3D6A76A27C4F9B000AA5377 /* UILayouting */,
				E3D6A75D27C4E61500AA5377 /* Alerts */,
				E3D6A72527C4E5A500AA5377 /* UIRelationship */,
				E3D6A71427C43EFD00AA5377 /* Extensions */,
				E3D6A71327C43E0E00AA5377 /* CustomViews */,
				E3D6A6F327C18E6200AA5377 /* Utilities */,
				E3D6A6EC27C18A0F00AA5377 /* BackendTalk */,
				E3D6A6E427C1801300AA5377 /* FlagList */,
				E3D6A6EB27C189FC00AA5377 /* Main */,
				E3D6A6BB27C17E0D00AA5377 /* Preview Content */,
			);
			path = AnyUse;
			sourceTree = "<group>";
		};
		E3D6A6BB27C17E0D00AA5377 /* Preview Content */ = {
			isa = PBXGroup;
			children = (
				E3D6A6BC27C17E0D00AA5377 /* Preview Assets.xcassets */,
			);
			path = "Preview Content";
			sourceTree = "<group>";
		};
		E3D6A6CA27C17E0D00AA5377 /* AnyUseTests */ = {
			isa = PBXGroup;
			children = (
				E3D6A6CB27C17E0D00AA5377 /* AnyUseTests.swift */,
			);
			path = AnyUseTests;
			sourceTree = "<group>";
		};
		E3D6A6D427C17E0D00AA5377 /* AnyUseUITests */ = {
			isa = PBXGroup;
			children = (
				E3D6A6D527C17E0D00AA5377 /* AnyUseUITests.swift */,
				E3D6A6D727C17E0D00AA5377 /* AnyUseUITestsLaunchTests.swift */,
			);
			path = AnyUseUITests;
			sourceTree = "<group>";
		};
		E3D6A6E427C1801300AA5377 /* FlagList */ = {
			isa = PBXGroup;
			children = (
				E3D6A6FA27C1A58300AA5377 /* Submodules */,
				E3D6A6FB27C1A58E00AA5377 /* Service */,
				E3D6A6FE27C1A5DC00AA5377 /* DTO */,
			);
			path = FlagList;
			sourceTree = "<group>";
		};
		E3D6A6EB27C189FC00AA5377 /* Main */ = {
			isa = PBXGroup;
			children = (
				E3D6A6B527C17E0A00AA5377 /* AnyUseApp.swift */,
				E3D6A71127C2D20E00AA5377 /* AppDelegate.swift */,
				E3D6A70F27C2D16300AA5377 /* Assemblies.swift */,
				E3D6A6B727C17E0A00AA5377 /* ContentView.swift */,
				E3D6A6B927C17E0D00AA5377 /* Assets.xcassets */,
				E3D6A6BE27C17E0D00AA5377 /* Persistence.swift */,
				E3D6A6C027C17E0D00AA5377 /* AnyUse.xcdatamodeld */,
			);
			path = Main;
			sourceTree = "<group>";
		};
		E3D6A6EC27C18A0F00AA5377 /* BackendTalk */ = {
			isa = PBXGroup;
			children = (
				E3D6A6ED27C18A3B00AA5377 /* HttpClient.swift */,
				E3D6A6EF27C18B7300AA5377 /* HttpError.swift */,
				E3D6A70327C1AAD000AA5377 /* HttpMethods.swift */,
				E3D6A70527C1AB3000AA5377 /* MimeType.swift */,
				E3D6A70727C1AB7600AA5377 /* HttpHeaders.swift */,
			);
			path = BackendTalk;
			sourceTree = "<group>";
		};
		E3D6A6F327C18E6200AA5377 /* Utilities */ = {
			isa = PBXGroup;
			children = (
				E3D6A6F427C18E7000AA5377 /* Constants.swift */,
			);
			path = Utilities;
			sourceTree = "<group>";
		};
		E3D6A6FA27C1A58300AA5377 /* Submodules */ = {
			isa = PBXGroup;
			children = (
				E3D6A6FD27C1A5B700AA5377 /* FlagAddUpdate */,
				E3D6A6FC27C1A59B00AA5377 /* FlagList */,
			);
			path = Submodules;
			sourceTree = "<group>";
		};
		E3D6A6FB27C1A58E00AA5377 /* Service */ = {
			isa = PBXGroup;
			children = (
				E3D6A6F127C18E1100AA5377 /* FlagService.swift */,
			);
			path = Service;
			sourceTree = "<group>";
		};
		E3D6A6FC27C1A59B00AA5377 /* FlagList */ = {
			isa = PBXGroup;
			children = (
				E3D6A6E527C1804600AA5377 /* FlagListView.swift */,
				E3D6A70B27C2CCFD00AA5377 /* FlagListAssembly.swift */,
				E3D6A70927C2CC5D00AA5377 /* FlagListRouter.swift */,
				E3D6A6E927C1822600AA5377 /* FlagListViewModel.swift */,
			);
			path = FlagList;
			sourceTree = "<group>";
		};
		E3D6A6FD27C1A5B700AA5377 /* FlagAddUpdate */ = {
			isa = PBXGroup;
			children = (
				E3D6A6F627C1A36C00AA5377 /* FlagListRouteType.swift */,
				E3D6A6FF27C1A60900AA5377 /* AddUpdateFlagView.swift */,
				E3D6A70127C1A63E00AA5377 /* AddUpdateFlagViewModel.swift */,
				E3D6A70D27C2CD0F00AA5377 /* AddUpdateFlagAssembly.swift */,
			);
			path = FlagAddUpdate;
			sourceTree = "<group>";
		};
		E3D6A6FE27C1A5DC00AA5377 /* DTO */ = {
			isa = PBXGroup;
			children = (
				E3D6A6E727C1812800AA5377 /* Flag.swift */,
			);
			path = DTO;
			sourceTree = "<group>";
		};
		E3D6A71327C43E0E00AA5377 /* CustomViews */ = {
			isa = PBXGroup;
			children = (
			);
			path = CustomViews;
			sourceTree = "<group>";
		};
		E3D6A71427C43EFD00AA5377 /* Extensions */ = {
			isa = PBXGroup;
			children = (
				E3D6A71527C43F0700AA5377 /* TouchAreaExtending.swift */,
				E3D6A71727C43FB300AA5377 /* UICollectionView+dequeue.swift */,
				E3D6A71927C43FD600AA5377 /* UITableView+dequeue.swift */,
				E3D6A71B27C4400F00AA5377 /* UIView+IBInspectable.swift */,
				E3D6A71D27C440B800AA5377 /* UIViewController+Keyboard.swift */,
				E3D6A71F27C440EA00AA5377 /* Bundle+AllXibFilesNames.swift */,
				E3D6A72127C4410C00AA5377 /* UINib+InitByType.swift */,
				E3D6A72327C4417100AA5377 /* UIView+Layout.swift */,
				E3D6A76F27C4FA8A00AA5377 /* UIGestureRecognizer+.swift */,
				E3D6A77127C4FAD000AA5377 /* UIView+BoundingRect.swift */,
				E3D6A77327C4FAFE00AA5377 /* UIView+Descedant.swift */,
			);
			path = Extensions;
			sourceTree = "<group>";
		};
		E3D6A72527C4E5A500AA5377 /* UIRelationship */ = {
			isa = PBXGroup;
			children = (
				E3D6A72627C4E5F000AA5377 /* Modifiable.swift */,
				E3D6A72827C4E5F000AA5377 /* Specific */,
				E3D6A72727C4E5F000AA5377 /* UIRelation.swift */,
				E3D6A74327C4E5F000AA5377 /* UIView+Extensions.swift */,
			);
			path = UIRelationship;
			sourceTree = "<group>";
		};
		E3D6A72827C4E5F000AA5377 /* Specific */ = {
			isa = PBXGroup;
			children = (
				E3D6A72927C4E5F000AA5377 /* ToSuperView */,
				E3D6A73427C4E5F000AA5377 /* Other */,
				E3D6A73827C4E5F000AA5377 /* ToOtherView */,
				E3D6A73E27C4E5F000AA5377 /* Size */,
			);
			path = Specific;
			sourceTree = "<group>";
		};
		E3D6A72927C4E5F000AA5377 /* ToSuperView */ = {
			isa = PBXGroup;
			children = (
				E3D6A72A27C4E5F000AA5377 /* RNCenterInSuperview.swift */,
				E3D6A72B27C4E5F000AA5377 /* RNTopToSuperview.swift */,
				E3D6A72C27C4E5F000AA5377 /* RNEdgesToSuperview.swift */,
				E3D6A72D27C4E5F000AA5377 /* RNBottomToSuperview.swift */,
				E3D6A72E27C4E5F000AA5377 /* RNHorizontalToSuperview.swift */,
				E3D6A72F27C4E5F000AA5377 /* RNTopAndBottomToSuperview.swift */,
				E3D6A73027C4E5F000AA5377 /* RNRightToSuperview.swift */,
				E3D6A73127C4E5F000AA5377 /* RNCenter.swift */,
				E3D6A73227C4E5F000AA5377 /* RNLeftToSuperview.swift */,
				E3D6A73327C4E5F000AA5377 /* RNSidesToSubperview.swift */,
			);
			path = ToSuperView;
			sourceTree = "<group>";
		};
		E3D6A73427C4E5F000AA5377 /* Other */ = {
			isa = PBXGroup;
			children = (
				E3D6A73527C4E5F000AA5377 /* HuggingPriority.swift */,
				E3D6A73627C4E5F000AA5377 /* CompressionPriority.swift */,
				E3D6A73727C4E5F000AA5377 /* CornerRadius.swift */,
			);
			path = Other;
			sourceTree = "<group>";
		};
		E3D6A73827C4E5F000AA5377 /* ToOtherView */ = {
			isa = PBXGroup;
			children = (
				E3D6A73927C4E5F000AA5377 /* RNTopToView.swift */,
				E3D6A73A27C4E5F000AA5377 /* RNLeftToView.swift */,
				E3D6A73B27C4E5F000AA5377 /* RNRightToView.swift */,
				E3D6A73C27C4E5F000AA5377 /* RNCenterToView.swift */,
				E3D6A73D27C4E5F000AA5377 /* RNBottomToView.swift */,
			);
			path = ToOtherView;
			sourceTree = "<group>";
		};
		E3D6A73E27C4E5F000AA5377 /* Size */ = {
			isa = PBXGroup;
			children = (
				E3D6A73F27C4E5F000AA5377 /* RNEqualSides.swift */,
				E3D6A74027C4E5F000AA5377 /* RNWidth.swift */,
				E3D6A74127C4E5F000AA5377 /* RNProportion.swift */,
				E3D6A74227C4E5F000AA5377 /* RNHeight.swift */,
			);
			path = Size;
			sourceTree = "<group>";
		};
		E3D6A75D27C4E61500AA5377 /* Alerts */ = {
			isa = PBXGroup;
			children = (
				E3D6A76227C4E63300AA5377 /* AlertContainerUpdatable.swift */,
				E3D6A76027C4E63300AA5377 /* AlertManager.swift */,
				E3D6A76127C4E63300AA5377 /* AlertModel.swift */,
				E3D6A75E27C4E63300AA5377 /* Animator.swift */,
				E3D6A75F27C4E63300AA5377 /* BannerView.swift */,
			);
			path = Alerts;
			sourceTree = "<group>";
		};
		E3D6A76A27C4F9B000AA5377 /* UILayouting */ = {
			isa = PBXGroup;
			children = (
				E3D6A76B27C4F9D300AA5377 /* Core.swift */,
				E3D6A76D27C4F9DD00AA5377 /* Helpers.swift */,
			);
			path = UILayouting;
			sourceTree = "<group>";
		};
/* End PBXGroup section */

/* Begin PBXNativeTarget section */
		E3D6A6B127C17E0A00AA5377 /* AnyUse */ = {
			isa = PBXNativeTarget;
			buildConfigurationList = E3D6A6DB27C17E0D00AA5377 /* Build configuration list for PBXNativeTarget "AnyUse" */;
			buildPhases = (
				E3D6A6AE27C17E0A00AA5377 /* Sources */,
				E3D6A6AF27C17E0A00AA5377 /* Frameworks */,
				E3D6A6B027C17E0A00AA5377 /* Resources */,
			);
			buildRules = (
			);
			dependencies = (
			);
			name = AnyUse;
			productName = AnyUse;
			productReference = E3D6A6B227C17E0A00AA5377 /* AnyUse.app */;
			productType = "com.apple.product-type.application";
		};
		E3D6A6C627C17E0D00AA5377 /* AnyUseTests */ = {
			isa = PBXNativeTarget;
			buildConfigurationList = E3D6A6DE27C17E0D00AA5377 /* Build configuration list for PBXNativeTarget "AnyUseTests" */;
			buildPhases = (
				E3D6A6C327C17E0D00AA5377 /* Sources */,
				E3D6A6C427C17E0D00AA5377 /* Frameworks */,
				E3D6A6C527C17E0D00AA5377 /* Resources */,
			);
			buildRules = (
			);
			dependencies = (
				E3D6A6C927C17E0D00AA5377 /* PBXTargetDependency */,
			);
			name = AnyUseTests;
			productName = AnyUseTests;
			productReference = E3D6A6C727C17E0D00AA5377 /* AnyUseTests.xctest */;
			productType = "com.apple.product-type.bundle.unit-test";
		};
		E3D6A6D027C17E0D00AA5377 /* AnyUseUITests */ = {
			isa = PBXNativeTarget;
			buildConfigurationList = E3D6A6E127C17E0D00AA5377 /* Build configuration list for PBXNativeTarget "AnyUseUITests" */;
			buildPhases = (
				E3D6A6CD27C17E0D00AA5377 /* Sources */,
				E3D6A6CE27C17E0D00AA5377 /* Frameworks */,
				E3D6A6CF27C17E0D00AA5377 /* Resources */,
			);
			buildRules = (
			);
			dependencies = (
				E3D6A6D327C17E0D00AA5377 /* PBXTargetDependency */,
			);
			name = AnyUseUITests;
			productName = AnyUseUITests;
			productReference = E3D6A6D127C17E0D00AA5377 /* AnyUseUITests.xctest */;
			productType = "com.apple.product-type.bundle.ui-testing";
		};
/* End PBXNativeTarget section */

/* Begin PBXProject section */
		E3D6A6AA27C17E0A00AA5377 /* Project object */ = {
			isa = PBXProject;
			attributes = {
				BuildIndependentTargetsInParallel = 1;
				LastSwiftUpdateCheck = 1320;
				LastUpgradeCheck = 1320;
				TargetAttributes = {
					E3D6A6B127C17E0A00AA5377 = {
						CreatedOnToolsVersion = 13.2.1;
					};
					E3D6A6C627C17E0D00AA5377 = {
						CreatedOnToolsVersion = 13.2.1;
						TestTargetID = E3D6A6B127C17E0A00AA5377;
					};
					E3D6A6D027C17E0D00AA5377 = {
						CreatedOnToolsVersion = 13.2.1;
						TestTargetID = E3D6A6B127C17E0A00AA5377;
					};
				};
			};
			buildConfigurationList = E3D6A6AD27C17E0A00AA5377 /* Build configuration list for PBXProject "AnyUse" */;
			compatibilityVersion = "Xcode 13.0";
			developmentRegion = en;
			hasScannedForEncodings = 0;
			knownRegions = (
				en,
				Base,
			);
			mainGroup = E3D6A6A927C17E0A00AA5377;
			productRefGroup = E3D6A6B327C17E0A00AA5377 /* Products */;
			projectDirPath = "";
			projectRoot = "";
			targets = (
				E3D6A6B127C17E0A00AA5377 /* AnyUse */,
				E3D6A6C627C17E0D00AA5377 /* AnyUseTests */,
				E3D6A6D027C17E0D00AA5377 /* AnyUseUITests */,
			);
		};
/* End PBXProject section */

/* Begin PBXResourcesBuildPhase section */
		E3D6A6B027C17E0A00AA5377 /* Resources */ = {
			isa = PBXResourcesBuildPhase;
			buildActionMask = 2147483647;
			files = (
				E3D6A6BD27C17E0D00AA5377 /* Preview Assets.xcassets in Resources */,
				E3D6A6BA27C17E0D00AA5377 /* Assets.xcassets in Resources */,
			);
			runOnlyForDeploymentPostprocessing = 0;
		};
		E3D6A6C527C17E0D00AA5377 /* Resources */ = {
			isa = PBXResourcesBuildPhase;
			buildActionMask = 2147483647;
			files = (
			);
			runOnlyForDeploymentPostprocessing = 0;
		};
		E3D6A6CF27C17E0D00AA5377 /* Resources */ = {
			isa = PBXResourcesBuildPhase;
			buildActionMask = 2147483647;
			files = (
			);
			runOnlyForDeploymentPostprocessing = 0;
		};
/* End PBXResourcesBuildPhase section */

/* Begin PBXSourcesBuildPhase section */
		E3D6A6AE27C17E0A00AA5377 /* Sources */ = {
			isa = PBXSourcesBuildPhase;
			buildActionMask = 2147483647;
			files = (
				E3D6A71227C2D20E00AA5377 /* AppDelegate.swift in Sources */,
				E3D6A6C227C17E0D00AA5377 /* AnyUse.xcdatamodeld in Sources */,
				E3D6A76527C4E63300AA5377 /* BannerView.swift in Sources */,
				E3D6A6F527C18E7000AA5377 /* Constants.swift in Sources */,
				E3D6A6F027C18B7300AA5377 /* HttpError.swift in Sources */,
				E3D6A72227C4410C00AA5377 /* UINib+InitByType.swift in Sources */,
				E3D6A71E27C440B800AA5377 /* UIViewController+Keyboard.swift in Sources */,
				E3D6A74927C4E5F000AA5377 /* RNBottomToSuperview.swift in Sources */,
				E3D6A76627C4E63300AA5377 /* AlertManager.swift in Sources */,
				E3D6A70627C1AB3000AA5377 /* MimeType.swift in Sources */,
				E3D6A74E27C4E5F000AA5377 /* RNLeftToSuperview.swift in Sources */,
				E3D6A74727C4E5F000AA5377 /* RNTopToSuperview.swift in Sources */,
				E3D6A74527C4E5F000AA5377 /* UIRelation.swift in Sources */,
				E3D6A70027C1A60900AA5377 /* AddUpdateFlagView.swift in Sources */,
				E3D6A76427C4E63300AA5377 /* Animator.swift in Sources */,
				E3D6A6E827C1812800AA5377 /* Flag.swift in Sources */,
				E3D6A76C27C4F9D300AA5377 /* Core.swift in Sources */,
				E3D6A74B27C4E5F000AA5377 /* RNTopAndBottomToSuperview.swift in Sources */,
				E3D6A70427C1AAD000AA5377 /* HttpMethods.swift in Sources */,
				E3D6A6EE27C18A3B00AA5377 /* HttpClient.swift in Sources */,
				E3D6A75627C4E5F000AA5377 /* RNCenterToView.swift in Sources */,
				E3D6A6EA27C1822600AA5377 /* FlagListViewModel.swift in Sources */,
				E3D6A76827C4E63300AA5377 /* AlertContainerUpdatable.swift in Sources */,
				E3D6A75227C4E5F000AA5377 /* CornerRadius.swift in Sources */,
				E3D6A71A27C43FD600AA5377 /* UITableView+dequeue.swift in Sources */,
				E3D6A72027C440EA00AA5377 /* Bundle+AllXibFilesNames.swift in Sources */,
				E3D6A74D27C4E5F000AA5377 /* RNCenter.swift in Sources */,
				E3D6A75427C4E5F000AA5377 /* RNLeftToView.swift in Sources */,
				E3D6A77227C4FAD000AA5377 /* UIView+BoundingRect.swift in Sources */,
				E3D6A74827C4E5F000AA5377 /* RNEdgesToSuperview.swift in Sources */,
				E3D6A72427C4417100AA5377 /* UIView+Layout.swift in Sources */,
				E3D6A75827C4E5F000AA5377 /* RNEqualSides.swift in Sources */,
				E3D6A70827C1AB7600AA5377 /* HttpHeaders.swift in Sources */,
				E3D6A71627C43F0700AA5377 /* TouchAreaExtending.swift in Sources */,
				E3D6A75B27C4E5F000AA5377 /* RNHeight.swift in Sources */,
				E3D6A75527C4E5F000AA5377 /* RNRightToView.swift in Sources */,
				E3D6A70A27C2CC5D00AA5377 /* FlagListRouter.swift in Sources */,
				E3D6A6BF27C17E0D00AA5377 /* Persistence.swift in Sources */,
				E3D6A75C27C4E5F000AA5377 /* UIView+Extensions.swift in Sources */,
				E3D6A6B827C17E0A00AA5377 /* ContentView.swift in Sources */,
				E3D6A74627C4E5F000AA5377 /* RNCenterInSuperview.swift in Sources */,
				E3D6A77427C4FAFE00AA5377 /* UIView+Descedant.swift in Sources */,
				E3D6A75127C4E5F000AA5377 /* CompressionPriority.swift in Sources */,
				E3D6A70C27C2CCFD00AA5377 /* FlagListAssembly.swift in Sources */,
				E3D6A70227C1A63E00AA5377 /* AddUpdateFlagViewModel.swift in Sources */,
				E3D6A71C27C4400F00AA5377 /* UIView+IBInspectable.swift in Sources */,
				E3D6A6E627C1804600AA5377 /* FlagListView.swift in Sources */,
				E3D6A74A27C4E5F000AA5377 /* RNHorizontalToSuperview.swift in Sources */,
				E3D6A74F27C4E5F000AA5377 /* RNSidesToSubperview.swift in Sources */,
				E3D6A75927C4E5F000AA5377 /* RNWidth.swift in Sources */,
				E3D6A75027C4E5F000AA5377 /* HuggingPriority.swift in Sources */,
				E3D6A70E27C2CD0F00AA5377 /* AddUpdateFlagAssembly.swift in Sources */,
				E3D6A71027C2D16300AA5377 /* Assemblies.swift in Sources */,
				E3D6A75327C4E5F000AA5377 /* RNTopToView.swift in Sources */,
				E3D6A6B627C17E0A00AA5377 /* AnyUseApp.swift in Sources */,
				E3D6A77027C4FA8B00AA5377 /* UIGestureRecognizer+.swift in Sources */,
				E3D6A75727C4E5F000AA5377 /* RNBottomToView.swift in Sources */,
				E3D6A74C27C4E5F000AA5377 /* RNRightToSuperview.swift in Sources */,
				E3D6A6F227C18E1100AA5377 /* FlagService.swift in Sources */,
				E3D6A74427C4E5F000AA5377 /* Modifiable.swift in Sources */,
				E3D6A76E27C4F9DD00AA5377 /* Helpers.swift in Sources */,
				E3D6A76727C4E63300AA5377 /* AlertModel.swift in Sources */,
				E3D6A6F727C1A36C00AA5377 /* FlagListRouteType.swift in Sources */,
				E3D6A75A27C4E5F000AA5377 /* RNProportion.swift in Sources */,
				E3D6A71827C43FB300AA5377 /* UICollectionView+dequeue.swift in Sources */,
			);
			runOnlyForDeploymentPostprocessing = 0;
		};
		E3D6A6C327C17E0D00AA5377 /* Sources */ = {
			isa = PBXSourcesBuildPhase;
			buildActionMask = 2147483647;
			files = (
				E3D6A6CC27C17E0D00AA5377 /* AnyUseTests.swift in Sources */,
			);
			runOnlyForDeploymentPostprocessing = 0;
		};
		E3D6A6CD27C17E0D00AA5377 /* Sources */ = {
			isa = PBXSourcesBuildPhase;
			buildActionMask = 2147483647;
			files = (
				E3D6A6D627C17E0D00AA5377 /* AnyUseUITests.swift in Sources */,
				E3D6A6D827C17E0D00AA5377 /* AnyUseUITestsLaunchTests.swift in Sources */,
			);
			runOnlyForDeploymentPostprocessing = 0;
		};
/* End PBXSourcesBuildPhase section */

/* Begin PBXTargetDependency section */
		E3D6A6C927C17E0D00AA5377 /* PBXTargetDependency */ = {
			isa = PBXTargetDependency;
			target = E3D6A6B127C17E0A00AA5377 /* AnyUse */;
			targetProxy = E3D6A6C827C17E0D00AA5377 /* PBXContainerItemProxy */;
		};
		E3D6A6D327C17E0D00AA5377 /* PBXTargetDependency */ = {
			isa = PBXTargetDependency;
			target = E3D6A6B127C17E0A00AA5377 /* AnyUse */;
			targetProxy = E3D6A6D227C17E0D00AA5377 /* PBXContainerItemProxy */;
		};
/* End PBXTargetDependency section */

/* Begin XCBuildConfiguration section */
		E3D6A6D927C17E0D00AA5377 /* Debug */ = {
			isa = XCBuildConfiguration;
			buildSettings = {
				ALWAYS_SEARCH_USER_PATHS = NO;
				CLANG_ANALYZER_NONNULL = YES;
				CLANG_ANALYZER_NUMBER_OBJECT_CONVERSION = YES_AGGRESSIVE;
				CLANG_CXX_LANGUAGE_STANDARD = "gnu++17";
				CLANG_CXX_LIBRARY = "libc++";
				CLANG_ENABLE_MODULES = YES;
				CLANG_ENABLE_OBJC_ARC = YES;
				CLANG_ENABLE_OBJC_WEAK = YES;
				CLANG_WARN_BLOCK_CAPTURE_AUTORELEASING = YES;
				CLANG_WARN_BOOL_CONVERSION = YES;
				CLANG_WARN_COMMA = YES;
				CLANG_WARN_CONSTANT_CONVERSION = YES;
				CLANG_WARN_DEPRECATED_OBJC_IMPLEMENTATIONS = YES;
				CLANG_WARN_DIRECT_OBJC_ISA_USAGE = YES_ERROR;
				CLANG_WARN_DOCUMENTATION_COMMENTS = YES;
				CLANG_WARN_EMPTY_BODY = YES;
				CLANG_WARN_ENUM_CONVERSION = YES;
				CLANG_WARN_INFINITE_RECURSION = YES;
				CLANG_WARN_INT_CONVERSION = YES;
				CLANG_WARN_NON_LITERAL_NULL_CONVERSION = YES;
				CLANG_WARN_OBJC_IMPLICIT_RETAIN_SELF = YES;
				CLANG_WARN_OBJC_LITERAL_CONVERSION = YES;
				CLANG_WARN_OBJC_ROOT_CLASS = YES_ERROR;
				CLANG_WARN_QUOTED_INCLUDE_IN_FRAMEWORK_HEADER = YES;
				CLANG_WARN_RANGE_LOOP_ANALYSIS = YES;
				CLANG_WARN_STRICT_PROTOTYPES = YES;
				CLANG_WARN_SUSPICIOUS_MOVE = YES;
				CLANG_WARN_UNGUARDED_AVAILABILITY = YES_AGGRESSIVE;
				CLANG_WARN_UNREACHABLE_CODE = YES;
				CLANG_WARN__DUPLICATE_METHOD_MATCH = YES;
				COPY_PHASE_STRIP = NO;
				DEBUG_INFORMATION_FORMAT = dwarf;
				ENABLE_STRICT_OBJC_MSGSEND = YES;
				ENABLE_TESTABILITY = YES;
				GCC_C_LANGUAGE_STANDARD = gnu11;
				GCC_DYNAMIC_NO_PIC = NO;
				GCC_NO_COMMON_BLOCKS = YES;
				GCC_OPTIMIZATION_LEVEL = 0;
				GCC_PREPROCESSOR_DEFINITIONS = (
					"DEBUG=1",
					"$(inherited)",
				);
				GCC_WARN_64_TO_32_BIT_CONVERSION = YES;
				GCC_WARN_ABOUT_RETURN_TYPE = YES_ERROR;
				GCC_WARN_UNDECLARED_SELECTOR = YES;
				GCC_WARN_UNINITIALIZED_AUTOS = YES_AGGRESSIVE;
				GCC_WARN_UNUSED_FUNCTION = YES;
				GCC_WARN_UNUSED_VARIABLE = YES;
				IPHONEOS_DEPLOYMENT_TARGET = 15.0;
				MTL_ENABLE_DEBUG_INFO = INCLUDE_SOURCE;
				MTL_FAST_MATH = YES;
				ONLY_ACTIVE_ARCH = YES;
				SDKROOT = iphoneos;
				SWIFT_ACTIVE_COMPILATION_CONDITIONS = DEBUG;
				SWIFT_OPTIMIZATION_LEVEL = "-Onone";
			};
			name = Debug;
		};
		E3D6A6DA27C17E0D00AA5377 /* Release */ = {
			isa = XCBuildConfiguration;
			buildSettings = {
				ALWAYS_SEARCH_USER_PATHS = NO;
				CLANG_ANALYZER_NONNULL = YES;
				CLANG_ANALYZER_NUMBER_OBJECT_CONVERSION = YES_AGGRESSIVE;
				CLANG_CXX_LANGUAGE_STANDARD = "gnu++17";
				CLANG_CXX_LIBRARY = "libc++";
				CLANG_ENABLE_MODULES = YES;
				CLANG_ENABLE_OBJC_ARC = YES;
				CLANG_ENABLE_OBJC_WEAK = YES;
				CLANG_WARN_BLOCK_CAPTURE_AUTORELEASING = YES;
				CLANG_WARN_BOOL_CONVERSION = YES;
				CLANG_WARN_COMMA = YES;
				CLANG_WARN_CONSTANT_CONVERSION = YES;
				CLANG_WARN_DEPRECATED_OBJC_IMPLEMENTATIONS = YES;
				CLANG_WARN_DIRECT_OBJC_ISA_USAGE = YES_ERROR;
				CLANG_WARN_DOCUMENTATION_COMMENTS = YES;
				CLANG_WARN_EMPTY_BODY = YES;
				CLANG_WARN_ENUM_CONVERSION = YES;
				CLANG_WARN_INFINITE_RECURSION = YES;
				CLANG_WARN_INT_CONVERSION = YES;
				CLANG_WARN_NON_LITERAL_NULL_CONVERSION = YES;
				CLANG_WARN_OBJC_IMPLICIT_RETAIN_SELF = YES;
				CLANG_WARN_OBJC_LITERAL_CONVERSION = YES;
				CLANG_WARN_OBJC_ROOT_CLASS = YES_ERROR;
				CLANG_WARN_QUOTED_INCLUDE_IN_FRAMEWORK_HEADER = YES;
				CLANG_WARN_RANGE_LOOP_ANALYSIS = YES;
				CLANG_WARN_STRICT_PROTOTYPES = YES;
				CLANG_WARN_SUSPICIOUS_MOVE = YES;
				CLANG_WARN_UNGUARDED_AVAILABILITY = YES_AGGRESSIVE;
				CLANG_WARN_UNREACHABLE_CODE = YES;
				CLANG_WARN__DUPLICATE_METHOD_MATCH = YES;
				COPY_PHASE_STRIP = NO;
				DEBUG_INFORMATION_FORMAT = "dwarf-with-dsym";
				ENABLE_NS_ASSERTIONS = NO;
				ENABLE_STRICT_OBJC_MSGSEND = YES;
				GCC_C_LANGUAGE_STANDARD = gnu11;
				GCC_NO_COMMON_BLOCKS = YES;
				GCC_WARN_64_TO_32_BIT_CONVERSION = YES;
				GCC_WARN_ABOUT_RETURN_TYPE = YES_ERROR;
				GCC_WARN_UNDECLARED_SELECTOR = YES;
				GCC_WARN_UNINITIALIZED_AUTOS = YES_AGGRESSIVE;
				GCC_WARN_UNUSED_FUNCTION = YES;
				GCC_WARN_UNUSED_VARIABLE = YES;
				IPHONEOS_DEPLOYMENT_TARGET = 15.0;
				MTL_ENABLE_DEBUG_INFO = NO;
				MTL_FAST_MATH = YES;
				SDKROOT = iphoneos;
				SWIFT_COMPILATION_MODE = wholemodule;
				SWIFT_OPTIMIZATION_LEVEL = "-O";
				VALIDATE_PRODUCT = YES;
			};
			name = Release;
		};
		E3D6A6DC27C17E0D00AA5377 /* Debug */ = {
			isa = XCBuildConfiguration;
			buildSettings = {
				ASSETCATALOG_COMPILER_APPICON_NAME = AppIcon;
				ASSETCATALOG_COMPILER_GLOBAL_ACCENT_COLOR_NAME = AccentColor;
				CODE_SIGN_STYLE = Automatic;
				CURRENT_PROJECT_VERSION = 1;
				DEVELOPMENT_ASSET_PATHS = "\"AnyUse/Preview Content\"";
				DEVELOPMENT_TEAM = P278W79DCV;
				ENABLE_PREVIEWS = YES;
				GENERATE_INFOPLIST_FILE = YES;
				INFOPLIST_KEY_UIApplicationSceneManifest_Generation = YES;
				INFOPLIST_KEY_UIApplicationSupportsIndirectInputEvents = YES;
				INFOPLIST_KEY_UILaunchScreen_Generation = YES;
				INFOPLIST_KEY_UISupportedInterfaceOrientations_iPad = "UIInterfaceOrientationPortrait UIInterfaceOrientationPortraitUpsideDown UIInterfaceOrientationLandscapeLeft UIInterfaceOrientationLandscapeRight";
				INFOPLIST_KEY_UISupportedInterfaceOrientations_iPhone = "UIInterfaceOrientationPortrait UIInterfaceOrientationLandscapeLeft UIInterfaceOrientationLandscapeRight";
				IPHONEOS_DEPLOYMENT_TARGET = 15.0;
				LD_RUNPATH_SEARCH_PATHS = (
					"$(inherited)",
					"@executable_path/Frameworks",
				);
				MARKETING_VERSION = 1.0;
				PRODUCT_BUNDLE_IDENTIFIER = com.alexross.AnyUse;
				PRODUCT_NAME = "$(TARGET_NAME)";
				SWIFT_EMIT_LOC_STRINGS = YES;
				SWIFT_VERSION = 5.0;
				TARGETED_DEVICE_FAMILY = "1,2";
			};
			name = Debug;
		};
		E3D6A6DD27C17E0D00AA5377 /* Release */ = {
			isa = XCBuildConfiguration;
			buildSettings = {
				ASSETCATALOG_COMPILER_APPICON_NAME = AppIcon;
				ASSETCATALOG_COMPILER_GLOBAL_ACCENT_COLOR_NAME = AccentColor;
				CODE_SIGN_STYLE = Automatic;
				CURRENT_PROJECT_VERSION = 1;
				DEVELOPMENT_ASSET_PATHS = "\"AnyUse/Preview Content\"";
				DEVELOPMENT_TEAM = P278W79DCV;
				ENABLE_PREVIEWS = YES;
				GENERATE_INFOPLIST_FILE = YES;
				INFOPLIST_KEY_UIApplicationSceneManifest_Generation = YES;
				INFOPLIST_KEY_UIApplicationSupportsIndirectInputEvents = YES;
				INFOPLIST_KEY_UILaunchScreen_Generation = YES;
				INFOPLIST_KEY_UISupportedInterfaceOrientations_iPad = "UIInterfaceOrientationPortrait UIInterfaceOrientationPortraitUpsideDown UIInterfaceOrientationLandscapeLeft UIInterfaceOrientationLandscapeRight";
				INFOPLIST_KEY_UISupportedInterfaceOrientations_iPhone = "UIInterfaceOrientationPortrait UIInterfaceOrientationLandscapeLeft UIInterfaceOrientationLandscapeRight";
				IPHONEOS_DEPLOYMENT_TARGET = 15.0;
				LD_RUNPATH_SEARCH_PATHS = (
					"$(inherited)",
					"@executable_path/Frameworks",
				);
				MARKETING_VERSION = 1.0;
				PRODUCT_BUNDLE_IDENTIFIER = com.alexross.AnyUse;
				PRODUCT_NAME = "$(TARGET_NAME)";
				SWIFT_EMIT_LOC_STRINGS = YES;
				SWIFT_VERSION = 5.0;
				TARGETED_DEVICE_FAMILY = "1,2";
			};
			name = Release;
		};
		E3D6A6DF27C17E0D00AA5377 /* Debug */ = {
			isa = XCBuildConfiguration;
			buildSettings = {
				ALWAYS_EMBED_SWIFT_STANDARD_LIBRARIES = YES;
				BUNDLE_LOADER = "$(TEST_HOST)";
				CODE_SIGN_STYLE = Automatic;
				CURRENT_PROJECT_VERSION = 1;
				DEVELOPMENT_TEAM = P278W79DCV;
				GENERATE_INFOPLIST_FILE = YES;
				IPHONEOS_DEPLOYMENT_TARGET = 15.2;
				MARKETING_VERSION = 1.0;
				PRODUCT_BUNDLE_IDENTIFIER = com.alexross.AnyUseTests;
				PRODUCT_NAME = "$(TARGET_NAME)";
				SWIFT_EMIT_LOC_STRINGS = NO;
				SWIFT_VERSION = 5.0;
				TARGETED_DEVICE_FAMILY = "1,2";
				TEST_HOST = "$(BUILT_PRODUCTS_DIR)/AnyUse.app/AnyUse";
			};
			name = Debug;
		};
		E3D6A6E027C17E0D00AA5377 /* Release */ = {
			isa = XCBuildConfiguration;
			buildSettings = {
				ALWAYS_EMBED_SWIFT_STANDARD_LIBRARIES = YES;
				BUNDLE_LOADER = "$(TEST_HOST)";
				CODE_SIGN_STYLE = Automatic;
				CURRENT_PROJECT_VERSION = 1;
				DEVELOPMENT_TEAM = P278W79DCV;
				GENERATE_INFOPLIST_FILE = YES;
				IPHONEOS_DEPLOYMENT_TARGET = 15.2;
				MARKETING_VERSION = 1.0;
				PRODUCT_BUNDLE_IDENTIFIER = com.alexross.AnyUseTests;
				PRODUCT_NAME = "$(TARGET_NAME)";
				SWIFT_EMIT_LOC_STRINGS = NO;
				SWIFT_VERSION = 5.0;
				TARGETED_DEVICE_FAMILY = "1,2";
				TEST_HOST = "$(BUILT_PRODUCTS_DIR)/AnyUse.app/AnyUse";
			};
			name = Release;
		};
		E3D6A6E227C17E0D00AA5377 /* Debug */ = {
			isa = XCBuildConfiguration;
			buildSettings = {
				ALWAYS_EMBED_SWIFT_STANDARD_LIBRARIES = YES;
				CODE_SIGN_STYLE = Automatic;
				CURRENT_PROJECT_VERSION = 1;
				DEVELOPMENT_TEAM = P278W79DCV;
				GENERATE_INFOPLIST_FILE = YES;
				MARKETING_VERSION = 1.0;
				PRODUCT_BUNDLE_IDENTIFIER = com.alexross.AnyUseUITests;
				PRODUCT_NAME = "$(TARGET_NAME)";
				SWIFT_EMIT_LOC_STRINGS = NO;
				SWIFT_VERSION = 5.0;
				TARGETED_DEVICE_FAMILY = "1,2";
				TEST_TARGET_NAME = AnyUse;
			};
			name = Debug;
		};
		E3D6A6E327C17E0D00AA5377 /* Release */ = {
			isa = XCBuildConfiguration;
			buildSettings = {
				ALWAYS_EMBED_SWIFT_STANDARD_LIBRARIES = YES;
				CODE_SIGN_STYLE = Automatic;
				CURRENT_PROJECT_VERSION = 1;
				DEVELOPMENT_TEAM = P278W79DCV;
				GENERATE_INFOPLIST_FILE = YES;
				MARKETING_VERSION = 1.0;
				PRODUCT_BUNDLE_IDENTIFIER = com.alexross.AnyUseUITests;
				PRODUCT_NAME = "$(TARGET_NAME)";
				SWIFT_EMIT_LOC_STRINGS = NO;
				SWIFT_VERSION = 5.0;
				TARGETED_DEVICE_FAMILY = "1,2";
				TEST_TARGET_NAME = AnyUse;
			};
			name = Release;
		};
/* End XCBuildConfiguration section */

/* Begin XCConfigurationList section */
		E3D6A6AD27C17E0A00AA5377 /* Build configuration list for PBXProject "AnyUse" */ = {
			isa = XCConfigurationList;
			buildConfigurations = (
				E3D6A6D927C17E0D00AA5377 /* Debug */,
				E3D6A6DA27C17E0D00AA5377 /* Release */,
			);
			defaultConfigurationIsVisible = 0;
			defaultConfigurationName = Release;
		};
		E3D6A6DB27C17E0D00AA5377 /* Build configuration list for PBXNativeTarget "AnyUse" */ = {
			isa = XCConfigurationList;
			buildConfigurations = (
				E3D6A6DC27C17E0D00AA5377 /* Debug */,
				E3D6A6DD27C17E0D00AA5377 /* Release */,
			);
			defaultConfigurationIsVisible = 0;
			defaultConfigurationName = Release;
		};
		E3D6A6DE27C17E0D00AA5377 /* Build configuration list for PBXNativeTarget "AnyUseTests" */ = {
			isa = XCConfigurationList;
			buildConfigurations = (
				E3D6A6DF27C17E0D00AA5377 /* Debug */,
				E3D6A6E027C17E0D00AA5377 /* Release */,
			);
			defaultConfigurationIsVisible = 0;
			defaultConfigurationName = Release;
		};
		E3D6A6E127C17E0D00AA5377 /* Build configuration list for PBXNativeTarget "AnyUseUITests" */ = {
			isa = XCConfigurationList;
			buildConfigurations = (
				E3D6A6E227C17E0D00AA5377 /* Debug */,
				E3D6A6E327C17E0D00AA5377 /* Release */,
			);
			defaultConfigurationIsVisible = 0;
			defaultConfigurationName = Release;
		};
/* End XCConfigurationList section */

/* Begin XCVersionGroup section */
		E3D6A6C027C17E0D00AA5377 /* AnyUse.xcdatamodeld */ = {
			isa = XCVersionGroup;
			children = (
				E3D6A6C127C17E0D00AA5377 /* AnyUse.xcdatamodel */,
			);
			currentVersion = E3D6A6C127C17E0D00AA5377 /* AnyUse.xcdatamodel */;
			path = AnyUse.xcdatamodeld;
			sourceTree = "<group>";
			versionGroupType = wrapper.xcdatamodel;
		};
/* End XCVersionGroup section */
	};
	rootObject = E3D6A6AA27C17E0A00AA5377 /* Project object */;
}
